
Microsoft Visual Studio Solution File, Format Version 12.00
# Visual Studio 15
VisualStudioVersion = 15.0.28307.960
MinimumVisualStudioVersion = 10.0.40219.1
Project("{FAE04EC0-301F-11D3-BF4B-00C04F79EFBC}") = "KAMKursovayaIVsem", "KAM - Kursovaya - IVsem\KAMKursovayaIVsem.csproj", "{487E627A-0B2B-4629-BAD6-5AF509D82686}"
EndProject
Global
	GlobalSection(SolutionConfigurationPlatforms) = preSolution
		Debug|Any CPU = Debug|Any CPU
		Release|Any CPU = Release|Any CPU
	EndGlobalSection
	GlobalSection(ProjectConfigurationPlatforms) = postSolution
		{487E627A-0B2B-4629-BAD6-5AF509D82686}.Debug|Any CPU.ActiveCfg = Debug|Any CPU
		{487E627A-0B2B-4629-BAD6-5AF509D82686}.Debug|Any CPU.Build.0 = Debug|Any CPU
		{487E627A-0B2B-4629-BAD6-5AF509D82686}.Release|Any CPU.ActiveCfg = Release|Any CPU
		{487E627A-0B2B-4629-BAD6-5AF509D82686}.Release|Any CPU.Build.0 = Release|Any CPU
	EndGlobalSection
	GlobalSection(SolutionProperties) = preSolution
		HideSolutionNode = FALSE
	EndGlobalSection
	GlobalSection(ExtensibilityGlobals) = postSolution
		SolutionGuid = {3363F417-2F92-499F-A2DB-7E8DD62E1146}
	EndGlobalSection
EndGlobal
